
Microsoft Visual Studio Solution File, Format Version 12.00
# Visual Studio Version 17
VisualStudioVersion = 17.0.32112.339
MinimumVisualStudioVersion = 10.0.40219.1
Project("{9A19103F-16F7-4668-BE54-9A1E7A4F7556}") = "HomeCloud.Shared", "HomeCloud.Shared\HomeCloud.Shared.csproj", "{31BBF0B6-0821-4ED6-BD12-87CA7E2D92F2}"
EndProject
Project("{9A19103F-16F7-4668-BE54-9A1E7A4F7556}") = "HomeCloud.Web", "HomeCloud.Web\HomeCloud.Web.csproj", "{E135DDB9-D32A-4D73-BF53-49975C07BE23}"
EndProject
Project("{9A19103F-16F7-4668-BE54-9A1E7A4F7556}") = "HomeCloud.Console", "HomeCloud.Console\HomeCloud.Console.csproj", "{54CDB7DD-0FD6-4D20-91AA-837FCCC90A24}"
EndProject
Project("{9A19103F-16F7-4668-BE54-9A1E7A4F7556}") = "HomeCloud.Helpers", "HomeCloud.Helpers\HomeCloud.Helpers.csproj", "{40FD4AD7-5B85-4267-8209-BD645F42CCCC}"
EndProject
Project("{9A19103F-16F7-4668-BE54-9A1E7A4F7556}") = "HomeCloud.Desktop.BLL", "HomeCloud.Desktop.BLL\HomeCloud.Desktop.BLL.csproj", "{C35C706E-27AF-4466-B988-C8A6DF792105}"
EndProject
Project("{9A19103F-16F7-4668-BE54-9A1E7A4F7556}") = "HomeCloud.Desktop.UIL", "HomeCloud.Desktop.UIL\HomeCloud.Desktop.UIL.csproj", "{2753206D-880A-4A10-83A9-A72E40123CC3}"
EndProject
Global
	GlobalSection(SolutionConfigurationPlatforms) = preSolution
		Debug|Any CPU = Debug|Any CPU
		Release|Any CPU = Release|Any CPU
	EndGlobalSection
	GlobalSection(ProjectConfigurationPlatforms) = postSolution
		{31BBF0B6-0821-4ED6-BD12-87CA7E2D92F2}.Debug|Any CPU.ActiveCfg = Debug|Any CPU
		{31BBF0B6-0821-4ED6-BD12-87CA7E2D92F2}.Debug|Any CPU.Build.0 = Debug|Any CPU
		{31BBF0B6-0821-4ED6-BD12-87CA7E2D92F2}.Release|Any CPU.ActiveCfg = Release|Any CPU
		{31BBF0B6-0821-4ED6-BD12-87CA7E2D92F2}.Release|Any CPU.Build.0 = Release|Any CPU
		{E135DDB9-D32A-4D73-BF53-49975C07BE23}.Debug|Any CPU.ActiveCfg = Debug|Any CPU
		{E135DDB9-D32A-4D73-BF53-49975C07BE23}.Debug|Any CPU.Build.0 = Debug|Any CPU
		{E135DDB9-D32A-4D73-BF53-49975C07BE23}.Release|Any CPU.ActiveCfg = Release|Any CPU
		{E135DDB9-D32A-4D73-BF53-49975C07BE23}.Release|Any CPU.Build.0 = Release|Any CPU
		{54CDB7DD-0FD6-4D20-91AA-837FCCC90A24}.Debug|Any CPU.ActiveCfg = Debug|Any CPU
		{54CDB7DD-0FD6-4D20-91AA-837FCCC90A24}.Debug|Any CPU.Build.0 = Debug|Any CPU
		{54CDB7DD-0FD6-4D20-91AA-837FCCC90A24}.Release|Any CPU.ActiveCfg = Release|Any CPU
		{54CDB7DD-0FD6-4D20-91AA-837FCCC90A24}.Release|Any CPU.Build.0 = Release|Any CPU
		{40FD4AD7-5B85-4267-8209-BD645F42CCCC}.Debug|Any CPU.ActiveCfg = Debug|Any CPU
		{40FD4AD7-5B85-4267-8209-BD645F42CCCC}.Debug|Any CPU.Build.0 = Debug|Any CPU
		{40FD4AD7-5B85-4267-8209-BD645F42CCCC}.Release|Any CPU.ActiveCfg = Release|Any CPU
		{40FD4AD7-5B85-4267-8209-BD645F42CCCC}.Release|Any CPU.Build.0 = Release|Any CPU
		{C35C706E-27AF-4466-B988-C8A6DF792105}.Debug|Any CPU.ActiveCfg = Debug|Any CPU
		{C35C706E-27AF-4466-B988-C8A6DF792105}.Debug|Any CPU.Build.0 = Debug|Any CPU
		{C35C706E-27AF-4466-B988-C8A6DF792105}.Release|Any CPU.ActiveCfg = Release|Any CPU
		{C35C706E-27AF-4466-B988-C8A6DF792105}.Release|Any CPU.Build.0 = Release|Any CPU
		{2753206D-880A-4A10-83A9-A72E40123CC3}.Debug|Any CPU.ActiveCfg = Debug|Any CPU
		{2753206D-880A-4A10-83A9-A72E40123CC3}.Debug|Any CPU.Build.0 = Debug|Any CPU
		{2753206D-880A-4A10-83A9-A72E40123CC3}.Release|Any CPU.ActiveCfg = Release|Any CPU
		{2753206D-880A-4A10-83A9-A72E40123CC3}.Release|Any CPU.Build.0 = Release|Any CPU
	EndGlobalSection
	GlobalSection(SolutionProperties) = preSolution
		HideSolutionNode = FALSE
	EndGlobalSection
	GlobalSection(ExtensibilityGlobals) = postSolution
		SolutionGuid = {EC2321C2-E169-441E-9DE9-971ED9B8FCD4}
	EndGlobalSection
EndGlobal
